// !$*UTF8*$!
{
	archiveVersion = 1;
	classes = {
	};
	objectVersion = 46;
	objects = {

/* Begin PBXBuildFile section */
		F8B3A7701E7369480046B338 /* AppDelegate.swift in Sources */ = {isa = PBXBuildFile; fileRef = F8B3A76F1E7369480046B338 /* AppDelegate.swift */; };
		F8B3A7721E7369480046B338 /* ViewController.swift in Sources */ = {isa = PBXBuildFile; fileRef = F8B3A7711E7369480046B338 /* ViewController.swift */; };
		F8B3A7751E7369480046B338 /* Main.storyboard in Resources */ = {isa = PBXBuildFile; fileRef = F8B3A7731E7369480046B338 /* Main.storyboard */; };
		F8B3A7771E7369480046B338 /* Assets.xcassets in Resources */ = {isa = PBXBuildFile; fileRef = F8B3A7761E7369480046B338 /* Assets.xcassets */; };
		F8B3A77A1E7369480046B338 /* LaunchScreen.storyboard in Resources */ = {isa = PBXBuildFile; fileRef = F8B3A7781E7369480046B338 /* LaunchScreen.storyboard */; };
		F8B3A7831E7369580046B338 /* OrbitBeacon.swift in Sources */ = {isa = PBXBuildFile; fileRef = F8B3A7811E7369580046B338 /* OrbitBeacon.swift */; };
		F8B3A7841E7369580046B338 /* OrbitCore.swift in Sources */ = {isa = PBXBuildFile; fileRef = F8B3A7821E7369580046B338 /* OrbitCore.swift */; };
/* End PBXBuildFile section */

/* Begin PBXFileReference section */
		F8B3A76C1E7369480046B338 /* Butterfly.app */ = {isa = PBXFileReference; explicitFileType = wrapper.application; includeInIndex = 0; path = Butterfly.app; sourceTree = BUILT_PRODUCTS_DIR; };
		F8B3A76F1E7369480046B338 /* AppDelegate.swift */ = {isa = PBXFileReference; lastKnownFileType = sourcecode.swift; path = AppDelegate.swift; sourceTree = "<group>"; };
		F8B3A7711E7369480046B338 /* ViewController.swift */ = {isa = PBXFileReference; lastKnownFileType = sourcecode.swift; path = ViewController.swift; sourceTree = "<group>"; };
		F8B3A7741E7369480046B338 /* Base */ = {isa = PBXFileReference; lastKnownFileType = file.storyboard; name = Base; path = Base.lproj/Main.storyboard; sourceTree = "<group>"; };
		F8B3A7761E7369480046B338 /* Assets.xcassets */ = {isa = PBXFileReference; lastKnownFileType = folder.assetcatalog; path = Assets.xcassets; sourceTree = "<group>"; };
		F8B3A7791E7369480046B338 /* Base */ = {isa = PBXFileReference; lastKnownFileType = file.storyboard; name = Base; path = Base.lproj/LaunchScreen.storyboard; sourceTree = "<group>"; };
		F8B3A77B1E7369480046B338 /* Info.plist */ = {isa = PBXFileReference; lastKnownFileType = text.plist.xml; path = Info.plist; sourceTree = "<group>"; };
		F8B3A7811E7369580046B338 /* OrbitBeacon.swift */ = {isa = PBXFileReference; fileEncoding = 4; lastKnownFileType = sourcecode.swift; path = OrbitBeacon.swift; sourceTree = "<group>"; };
		F8B3A7821E7369580046B338 /* OrbitCore.swift */ = {isa = PBXFileReference; fileEncoding = 4; lastKnownFileType = sourcecode.swift; path = OrbitCore.swift; sourceTree = "<group>"; };
/* End PBXFileReference section */

/* Begin PBXFrameworksBuildPhase section */
		F8B3A7691E7369480046B338 /* Frameworks */ = {
			isa = PBXFrameworksBuildPhase;
			buildActionMask = 2147483647;
			files = (
			);
			runOnlyForDeploymentPostprocessing = 0;
		};
/* End PBXFrameworksBuildPhase section */

/* Begin PBXGroup section */
		F8B3A7631E7369480046B338 = {
			isa = PBXGroup;
			children = (
				F8B3A76E1E7369480046B338 /* Butterfly */,
				F8B3A76D1E7369480046B338 /* Products */,
			);
			sourceTree = "<group>";
		};
		F8B3A76D1E7369480046B338 /* Products */ = {
			isa = PBXGroup;
			children = (
				F8B3A76C1E7369480046B338 /* Butterfly.app */,
			);
			name = Products;
			sourceTree = "<group>";
		};
		F8B3A76E1E7369480046B338 /* Butterfly */ = {
			isa = PBXGroup;
			children = (
				F8B3A76F1E7369480046B338 /* AppDelegate.swift */,
				F8B3A7711E7369480046B338 /* ViewController.swift */,
				F8B3A7811E7369580046B338 /* OrbitBeacon.swift */,
				F8B3A7821E7369580046B338 /* OrbitCore.swift */,
				F8B3A7731E7369480046B338 /* Main.storyboard */,
				F8B3A7761E7369480046B338 /* Assets.xcassets */,
				F8B3A7781E7369480046B338 /* LaunchScreen.storyboard */,
				F8B3A77B1E7369480046B338 /* Info.plist */,
			);
			path = Butterfly;
			sourceTree = "<group>";
		};
/* End PBXGroup section */

/* Begin PBXNativeTarget section */
		F8B3A76B1E7369480046B338 /* Butterfly */ = {
			isa = PBXNativeTarget;
			buildConfigurationList = F8B3A77E1E7369480046B338 /* Build configuration list for PBXNativeTarget "Butterfly" */;
			buildPhases = (
				F8B3A7681E7369480046B338 /* Sources */,
				F8B3A7691E7369480046B338 /* Frameworks */,
				F8B3A76A1E7369480046B338 /* Resources */,
			);
			buildRules = (
			);
			dependencies = (
			);
			name = Butterfly;
			productName = Butterfly;
			productReference = F8B3A76C1E7369480046B338 /* Butterfly.app */;
			productType = "com.apple.product-type.application";
		};
/* End PBXNativeTarget section */

/* Begin PBXProject section */
		F8B3A7641E7369480046B338 /* Project object */ = {
			isa = PBXProject;
			attributes = {
				LastSwiftUpdateCheck = 0830;
				LastUpgradeCheck = 0830;
				ORGANIZATIONNAME = Kasama;
				TargetAttributes = {
					F8B3A76B1E7369480046B338 = {
						CreatedOnToolsVersion = 8.3;
						DevelopmentTeam = 9AP3GRDUFP;
						ProvisioningStyle = Automatic;
						SystemCapabilities = {
							com.apple.BackgroundModes = {
								enabled = 1;
							};
						};
					};
				};
			};
			buildConfigurationList = F8B3A7671E7369480046B338 /* Build configuration list for PBXProject "Butterfly" */;
			compatibilityVersion = "Xcode 3.2";
			developmentRegion = English;
			hasScannedForEncodings = 0;
			knownRegions = (
				en,
				Base,
			);
			mainGroup = F8B3A7631E7369480046B338;
			productRefGroup = F8B3A76D1E7369480046B338 /* Products */;
			projectDirPath = "";
			projectRoot = "";
			targets = (
				F8B3A76B1E7369480046B338 /* Butterfly */,
			);
		};
/* End PBXProject section */

/* Begin PBXResourcesBuildPhase section */
		F8B3A76A1E7369480046B338 /* Resources */ = {
			isa = PBXResourcesBuildPhase;
			buildActionMask = 2147483647;
			files = (
				F8B3A77A1E7369480046B338 /* LaunchScreen.storyboard in Resources */,
				F8B3A7771E7369480046B338 /* Assets.xcassets in Resources */,
				F8B3A7751E7369480046B338 /* Main.storyboard in Resources */,
			);
			runOnlyForDeploymentPostprocessing = 0;
		};
/* End PBXResourcesBuildPhase section */

/* Begin PBXSourcesBuildPhase section */
		F8B3A7681E7369480046B338 /* Sources */ = {
			isa = PBXSourcesBuildPhase;
			buildActionMask = 2147483647;
			files = (
				F8B3A7721E7369480046B338 /* ViewController.swift in Sources */,
				F8B3A7701E7369480046B338 /* AppDelegate.swift in Sources */,
				F8B3A7831E7369580046B338 /* OrbitBeacon.swift in Sources */,
				F8B3A7841E7369580046B338 /* OrbitCore.swift in Sources */,
			);
			runOnlyForDeploymentPostprocessing = 0;
		};
/* End PBXSourcesBuildPhase section */

/* Begin PBXVariantGroup section */
		F8B3A7731E7369480046B338 /* Main.storyboard */ = {
			isa = PBXVariantGroup;
			children = (
				F8B3A7741E7369480046B338 /* Base */,
			);
			name = Main.storyboard;
			sourceTree = "<group>";
		};
		F8B3A7781E7369480046B338 /* LaunchScreen.storyboard */ = {
			isa = PBXVariantGroup;
			children = (
				F8B3A7791E7369480046B338 /* Base */,
			);
			name = LaunchScreen.storyboard;
			sourceTree = "<group>";
		};
/* End PBXVariantGroup section */

/* Begin XCBuildConfiguration section */
		F8B3A77C1E7369480046B338 /* Debug */ = {
			isa = XCBuildConfiguration;
			buildSettings = {
				ALWAYS_SEARCH_USER_PATHS = NO;
				CLANG_ANALYZER_NONNULL = YES;
				CLANG_ANALYZER_NUMBER_OBJECT_CONVERSION = YES_AGGRESSIVE;
				CLANG_CXX_LANGUAGE_STANDARD = "gnu++0x";
				CLANG_CXX_LIBRARY = "libc++";
				CLANG_ENABLE_MODULES = YES;
				CLANG_ENABLE_OBJC_ARC = YES;
				CLANG_WARN_BOOL_CONVERSION = YES;
				CLANG_WARN_CONSTANT_CONVERSION = YES;
				CLANG_WARN_DIRECT_OBJC_ISA_USAGE = YES_ERROR;
				CLANG_WARN_DOCUMENTATION_COMMENTS = YES;
				CLANG_WARN_EMPTY_BODY = YES;
				CLANG_WARN_ENUM_CONVERSION = YES;
				CLANG_WARN_INFINITE_RECURSION = YES;
				CLANG_WARN_INT_CONVERSION = YES;
				CLANG_WARN_OBJC_ROOT_CLASS = YES_ERROR;
				CLANG_WARN_SUSPICIOUS_MOVE = YES;
				CLANG_WARN_UNREACHABLE_CODE = YES;
				CLANG_WARN__DUPLICATE_METHOD_MATCH = YES;
				"CODE_SIGN_IDENTITY[sdk=iphoneos*]" = "iPhone Developer";
				COPY_PHASE_STRIP = NO;
				DEBUG_INFORMATION_FORMAT = dwarf;
				ENABLE_STRICT_OBJC_MSGSEND = YES;
				ENABLE_TESTABILITY = YES;
				GCC_C_LANGUAGE_STANDARD = gnu99;
				GCC_DYNAMIC_NO_PIC = NO;
				GCC_NO_COMMON_BLOCKS = YES;
				GCC_OPTIMIZATION_LEVEL = 0;
				GCC_PREPROCESSOR_DEFINITIONS = (
					"DEBUG=1",
					"$(inherited)",
				);
				GCC_WARN_64_TO_32_BIT_CONVERSION = YES;
				GCC_WARN_ABOUT_RETURN_TYPE = YES_ERROR;
				GCC_WARN_UNDECLARED_SELECTOR = YES;
				GCC_WARN_UNINITIALIZED_AUTOS = YES_AGGRESSIVE;
				GCC_WARN_UNUSED_FUNCTION = YES;
				GCC_WARN_UNUSED_VARIABLE = YES;
				IPHONEOS_DEPLOYMENT_TARGET = 10.2;
				MTL_ENABLE_DEBUG_INFO = YES;
				ONLY_ACTIVE_ARCH = YES;
				SDKROOT = iphoneos;
				SWIFT_ACTIVE_COMPILATION_CONDITIONS = DEBUG;
				SWIFT_OPTIMIZATION_LEVEL = "-Onone";
			};
			name = Debug;
		};
		F8B3A77D1E7369480046B338 /* Release */ = {
			isa = XCBuildConfiguration;
			buildSettings = {
				ALWAYS_SEARCH_USER_PATHS = NO;
				CLANG_ANALYZER_NONNULL = YES;
				CLANG_ANALYZER_NUMBER_OBJECT_CONVERSION = YES_AGGRESSIVE;
				CLANG_CXX_LANGUAGE_STANDARD = "gnu++0x";
				CLANG_CXX_LIBRARY = "libc++";
				CLANG_ENABLE_MODULES = YES;
				CLANG_ENABLE_OBJC_ARC = YES;
				CLANG_WARN_BOOL_CONVERSION = YES;
				CLANG_WARN_CONSTANT_CONVERSION = YES;
				CLANG_WARN_DIRECT_OBJC_ISA_USAGE = YES_ERROR;
				CLANG_WARN_DOCUMENTATION_COMMENTS = YES;
				CLANG_WARN_EMPTY_BODY = YES;
				CLANG_WARN_ENUM_CONVERSION = YES;
				CLANG_WARN_INFINITE_RECURSION = YES;
				CLANG_WARN_INT_CONVERSION = YES;
				CLANG_WARN_OBJC_ROOT_CLASS = YES_ERROR;
				CLANG_WARN_SUSPICIOUS_MOVE = YES;
				CLANG_WARN_UNREACHABLE_CODE = YES;
				CLANG_WARN__DUPLICATE_METHOD_MATCH = YES;
				"CODE_SIGN_IDENTITY[sdk=iphoneos*]" = "iPhone Developer";
				COPY_PHASE_STRIP = NO;
				DEBUG_INFORMATION_FORMAT = "dwarf-with-dsym";
				ENABLE_NS_ASSERTIONS = NO;
				ENABLE_STRICT_OBJC_MSGSEND = YES;
				GCC_C_LANGUAGE_STANDARD = gnu99;
				GCC_NO_COMMON_BLOCKS = YES;
				GCC_WARN_64_TO_32_BIT_CONVERSION = YES;
				GCC_WARN_ABOUT_RETURN_TYPE = YES_ERROR;
				GCC_WARN_UNDECLARED_SELECTOR = YES;
				GCC_WARN_UNINITIALIZED_AUTOS = YES_AGGRESSIVE;
				GCC_WARN_UNUSED_FUNCTION = YES;
				GCC_WARN_UNUSED_VARIABLE = YES;
				IPHONEOS_DEPLOYMENT_TARGET = 10.2;
				MTL_ENABLE_DEBUG_INFO = NO;
				SDKROOT = iphoneos;
				SWIFT_OPTIMIZATION_LEVEL = "-Owholemodule";
				VALIDATE_PRODUCT = YES;
			};
			name = Release;
		};
		F8B3A77F1E7369480046B338 /* Debug */ = {
			isa = XCBuildConfiguration;
			buildSettings = {
				ASSETCATALOG_COMPILER_APPICON_NAME = AppIcon;
				DEVELOPMENT_TEAM = 9AP3GRDUFP;
				INFOPLIST_FILE = Butterfly/Info.plist;
				IPHONEOS_DEPLOYMENT_TARGET = 10.2;
				LD_RUNPATH_SEARCH_PATHS = "$(inherited) @executable_path/Frameworks";
				PRODUCT_BUNDLE_IDENTIFIER = com.kasama.Butterfly;
				PRODUCT_NAME = "$(TARGET_NAME)";
				SWIFT_VERSION = 3.0;
			};
			name = Debug;
		};
		F8B3A7801E7369480046B338 /* Release */ = {
			isa = XCBuildConfiguration;
			buildSettings = {
				ASSETCATALOG_COMPILER_APPICON_NAME = AppIcon;
				DEVELOPMENT_TEAM = 9AP3GRDUFP;
				INFOPLIST_FILE = Butterfly/Info.plist;
				IPHONEOS_DEPLOYMENT_TARGET = 10.2;
				LD_RUNPATH_SEARCH_PATHS = "$(inherited) @executable_path/Frameworks";
				PRODUCT_BUNDLE_IDENTIFIER = com.kasama.Butterfly;
				PRODUCT_NAME = "$(TARGET_NAME)";
				SWIFT_VERSION = 3.0;
			};
			name = Release;
		};
/* End XCBuildConfiguration section */

/* Begin XCConfigurationList section */
		F8B3A7671E7369480046B338 /* Build configuration list for PBXProject "Butterfly" */ = {
			isa = XCConfigurationList;
			buildConfigurations = (
				F8B3A77C1E7369480046B338 /* Debug */,
				F8B3A77D1E7369480046B338 /* Release */,
			);
			defaultConfigurationIsVisible = 0;
			defaultConfigurationName = Release;
		};
		F8B3A77E1E7369480046B338 /* Build configuration list for PBXNativeTarget "Butterfly" */ = {
			isa = XCConfigurationList;
			buildConfigurations = (
				F8B3A77F1E7369480046B338 /* Debug */,
				F8B3A7801E7369480046B338 /* Release */,
			);
			defaultConfigurationIsVisible = 0;
		};
/* End XCConfigurationList section */
	};
	rootObject = F8B3A7641E7369480046B338 /* Project object */;
}
